
Microsoft Visual Studio Solution File, Format Version 12.00
# Visual Studio Version 17
VisualStudioVersion = 17.13.35828.75
MinimumVisualStudioVersion = 10.0.40219.1
Project("{9A19103F-16F7-4668-BE54-9A1E7A4F7556}") = "CS2ChatCommands", "CommandList\CS2ChatCommands.csproj", "{50F645D6-1860-4216-83F1-7C8F509EC5AB}"
EndProject
Project("{2150E333-8FDC-42A3-9474-1A3956D46DE8}") = "Solution Items", "Solution Items", "{BB2DF78B-48A0-4675-AE2D-1B0F9F405FDC}"
EndProject
Global
	GlobalSection(SolutionConfigurationPlatforms) = preSolution
		Debug|Any CPU = Debug|Any CPU
		Release|Any CPU = Release|Any CPU
	EndGlobalSection
	GlobalSection(ProjectConfigurationPlatforms) = postSolution
		{50F645D6-1860-4216-83F1-7C8F509EC5AB}.Debug|Any CPU.ActiveCfg = Debug|Any CPU
		{50F645D6-1860-4216-83F1-7C8F509EC5AB}.Debug|Any CPU.Build.0 = Debug|Any CPU
		{50F645D6-1860-4216-83F1-7C8F509EC5AB}.Release|Any CPU.ActiveCfg = Release|Any CPU
		{50F645D6-1860-4216-83F1-7C8F509EC5AB}.Release|Any CPU.Build.0 = Release|Any CPU
	EndGlobalSection
	GlobalSection(SolutionProperties) = preSolution
		HideSolutionNode = FALSE
	EndGlobalSection
	GlobalSection(ExtensibilityGlobals) = postSolution
		SolutionGuid = {93E490CF-8CC5-4871-A582-42CFFC3EAE45}
	EndGlobalSection
EndGlobal
